
Microsoft Visual Studio Solution File, Format Version 12.00
# Visual Studio Version 17
VisualStudioVersion = 17.9.34622.214
MinimumVisualStudioVersion = 10.0.40219.1
Project("{FAE04EC0-301F-11D3-BF4B-00C04F79EFBC}") = "ZOO Application", "ZOO Application\ZOO Application.csproj", "{83CDE0A5-DDC6-4EF5-A884-6418A555B317}"
EndProject
Global
	GlobalSection(SolutionConfigurationPlatforms) = preSolution
		Debug|Any CPU = Debug|Any CPU
		Release|Any CPU = Release|Any CPU
	EndGlobalSection
	GlobalSection(ProjectConfigurationPlatforms) = postSolution
		{83CDE0A5-DDC6-4EF5-A884-6418A555B317}.Debug|Any CPU.ActiveCfg = Debug|Any CPU
		{83CDE0A5-DDC6-4EF5-A884-6418A555B317}.Debug|Any CPU.Build.0 = Debug|Any CPU
		{83CDE0A5-DDC6-4EF5-A884-6418A555B317}.Release|Any CPU.ActiveCfg = Release|Any CPU
		{83CDE0A5-DDC6-4EF5-A884-6418A555B317}.Release|Any CPU.Build.0 = Release|Any CPU
	EndGlobalSection
	GlobalSection(SolutionProperties) = preSolution
		HideSolutionNode = FALSE
	EndGlobalSection
	GlobalSection(ExtensibilityGlobals) = postSolution
		SolutionGuid = {C8489AF1-FA8A-4009-B146-54E5CCBBC7E9}
	EndGlobalSection
EndGlobal
